
Microsoft Visual Studio Solution File, Format Version 12.00
# Visual Studio Version 17
VisualStudioVersion = 17.11.35327.3
MinimumVisualStudioVersion = 10.0.40219.1
Project("{FAE04EC0-301F-11D3-BF4B-00C04F79EFBC}") = "KG_6", "KG_6\KG_6.csproj", "{DC64CAD1-155A-4DAE-BE83-BB4829028F44}"
EndProject
Global
	GlobalSection(SolutionConfigurationPlatforms) = preSolution
		Debug|Any CPU = Debug|Any CPU
		Release|Any CPU = Release|Any CPU
	EndGlobalSection
	GlobalSection(ProjectConfigurationPlatforms) = postSolution
		{DC64CAD1-155A-4DAE-BE83-BB4829028F44}.Debug|Any CPU.ActiveCfg = Debug|Any CPU
		{DC64CAD1-155A-4DAE-BE83-BB4829028F44}.Debug|Any CPU.Build.0 = Debug|Any CPU
		{DC64CAD1-155A-4DAE-BE83-BB4829028F44}.Release|Any CPU.ActiveCfg = Release|Any CPU
		{DC64CAD1-155A-4DAE-BE83-BB4829028F44}.Release|Any CPU.Build.0 = Release|Any CPU
	EndGlobalSection
	GlobalSection(SolutionProperties) = preSolution
		HideSolutionNode = FALSE
	EndGlobalSection
	GlobalSection(ExtensibilityGlobals) = postSolution
		SolutionGuid = {269E67BD-9F89-43D3-9CA0-0FC260D1977C}
	EndGlobalSection
EndGlobal
